
Microsoft Visual Studio Solution File, Format Version 12.00
# Visual Studio 15
VisualStudioVersion = 15.0.27130.2024
MinimumVisualStudioVersion = 10.0.40219.1
Project("{FAE04EC0-301F-11D3-BF4B-00C04F79EFBC}") = "ChallengeConditionalRadioButton", "ChallengeConditionalRadioButton\ChallengeConditionalRadioButton.csproj", "{0E034B5F-B045-4E03-AA89-45A5802C2338}"
EndProject
Global
	GlobalSection(SolutionConfigurationPlatforms) = preSolution
		Debug|Any CPU = Debug|Any CPU
		Release|Any CPU = Release|Any CPU
	EndGlobalSection
	GlobalSection(ProjectConfigurationPlatforms) = postSolution
		{0E034B5F-B045-4E03-AA89-45A5802C2338}.Debug|Any CPU.ActiveCfg = Debug|Any CPU
		{0E034B5F-B045-4E03-AA89-45A5802C2338}.Debug|Any CPU.Build.0 = Debug|Any CPU
		{0E034B5F-B045-4E03-AA89-45A5802C2338}.Release|Any CPU.ActiveCfg = Release|Any CPU
		{0E034B5F-B045-4E03-AA89-45A5802C2338}.Release|Any CPU.Build.0 = Release|Any CPU
	EndGlobalSection
	GlobalSection(SolutionProperties) = preSolution
		HideSolutionNode = FALSE
	EndGlobalSection
	GlobalSection(ExtensibilityGlobals) = postSolution
		SolutionGuid = {8680978B-4C02-44C9-881D-931CE5260D34}
	EndGlobalSection
EndGlobal
